// !$*UTF8*$!
{
	archiveVersion = 1;
	classes = {
	};
	objectVersion = 55;
	objects = {

/* Begin PBXBuildFile section */
		3904CA112813FBEA00D8B52B /* AppDelegate.swift in Sources */ = {isa = PBXBuildFile; fileRef = 3904CA102813FBEA00D8B52B /* AppDelegate.swift */; };
		3904CA132813FBEA00D8B52B /* SceneDelegate.swift in Sources */ = {isa = PBXBuildFile; fileRef = 3904CA122813FBEA00D8B52B /* SceneDelegate.swift */; };
		3904CA152813FBEA00D8B52B /* VideoButtonVC.swift in Sources */ = {isa = PBXBuildFile; fileRef = 3904CA142813FBEA00D8B52B /* VideoButtonVC.swift */; };
		3904CA182813FBEA00D8B52B /* Main.storyboard in Resources */ = {isa = PBXBuildFile; fileRef = 3904CA162813FBEA00D8B52B /* Main.storyboard */; };
		3904CA1A2813FBEA00D8B52B /* Assets.xcassets in Resources */ = {isa = PBXBuildFile; fileRef = 3904CA192813FBEA00D8B52B /* Assets.xcassets */; };
		3904CA1D2813FBEA00D8B52B /* LaunchScreen.storyboard in Resources */ = {isa = PBXBuildFile; fileRef = 3904CA1B2813FBEA00D8B52B /* LaunchScreen.storyboard */; };
		3904CA2528141B4C00D8B52B /* VideoButtonPresenter.swift in Sources */ = {isa = PBXBuildFile; fileRef = 3904CA2428141B4C00D8B52B /* VideoButtonPresenter.swift */; };
		3904CA3028141D7200D8B52B /* VideoGetter.swift in Sources */ = {isa = PBXBuildFile; fileRef = 3904CA2F28141D7200D8B52B /* VideoGetter.swift */; };
		3928D3D4281582E100D951E1 /* TransformSVG.swift in Sources */ = {isa = PBXBuildFile; fileRef = 3928D3D3281582E100D951E1 /* TransformSVG.swift */; };
		3928D3D62815874900D951E1 /* 1_1.svg in Resources */ = {isa = PBXBuildFile; fileRef = 3928D3D52815874900D951E1 /* 1_1.svg */; };
		3928D3D92815CFB600D951E1 /* CurveView.swift in Sources */ = {isa = PBXBuildFile; fileRef = 3928D3D82815CFB600D951E1 /* CurveView.swift */; };
		3928D3E72815D5DB00D951E1 /* 1_11.svg in Resources */ = {isa = PBXBuildFile; fileRef = 3928D3DA2815D5DA00D951E1 /* 1_11.svg */; };
		3928D3E82815D5DB00D951E1 /* 1_9.svg in Resources */ = {isa = PBXBuildFile; fileRef = 3928D3DB2815D5DA00D951E1 /* 1_9.svg */; };
		3928D3E92815D5DB00D951E1 /* 1_8.svg in Resources */ = {isa = PBXBuildFile; fileRef = 3928D3DC2815D5DB00D951E1 /* 1_8.svg */; };
		3928D3EA2815D5DB00D951E1 /* 1_14.svg in Resources */ = {isa = PBXBuildFile; fileRef = 3928D3DD2815D5DB00D951E1 /* 1_14.svg */; };
		3928D3EB2815D5DB00D951E1 /* 1_6.svg in Resources */ = {isa = PBXBuildFile; fileRef = 3928D3DE2815D5DB00D951E1 /* 1_6.svg */; };
		3928D3EC2815D5DB00D951E1 /* 1_3.svg in Resources */ = {isa = PBXBuildFile; fileRef = 3928D3DF2815D5DB00D951E1 /* 1_3.svg */; };
		3928D3ED2815D5DB00D951E1 /* 1_12.svg in Resources */ = {isa = PBXBuildFile; fileRef = 3928D3E02815D5DB00D951E1 /* 1_12.svg */; };
		3928D3EE2815D5DB00D951E1 /* 1_5.svg in Resources */ = {isa = PBXBuildFile; fileRef = 3928D3E12815D5DB00D951E1 /* 1_5.svg */; };
		3928D3EF2815D5DB00D951E1 /* 1_7.svg in Resources */ = {isa = PBXBuildFile; fileRef = 3928D3E22815D5DB00D951E1 /* 1_7.svg */; };
		3928D3F02815D5DB00D951E1 /* 1_10.svg in Resources */ = {isa = PBXBuildFile; fileRef = 3928D3E32815D5DB00D951E1 /* 1_10.svg */; };
		3928D3F12815D5DB00D951E1 /* 1_4.svg in Resources */ = {isa = PBXBuildFile; fileRef = 3928D3E42815D5DB00D951E1 /* 1_4.svg */; };
		3928D3F22815D5DB00D951E1 /* 1_2.svg in Resources */ = {isa = PBXBuildFile; fileRef = 3928D3E52815D5DB00D951E1 /* 1_2.svg */; };
		3928D3F32815D5DB00D951E1 /* 1_13.svg in Resources */ = {isa = PBXBuildFile; fileRef = 3928D3E62815D5DB00D951E1 /* 1_13.svg */; };
		3928D3F52815DA3F00D951E1 /* CurrentVideoNumber.swift in Sources */ = {isa = PBXBuildFile; fileRef = 3928D3F42815DA3F00D951E1 /* CurrentVideoNumber.swift */; };
		39DF220A2814C2B300BF7FD2 /* cat2.MP4 in Resources */ = {isa = PBXBuildFile; fileRef = 39DF22082814C2B300BF7FD2 /* cat2.MP4 */; };
		39DF220B2814C2B300BF7FD2 /* cat1.MP4 in Resources */ = {isa = PBXBuildFile; fileRef = 39DF22092814C2B300BF7FD2 /* cat1.MP4 */; };
/* End PBXBuildFile section */

/* Begin PBXFileReference section */
		3904CA0D2813FBEA00D8B52B /* testMovika.app */ = {isa = PBXFileReference; explicitFileType = wrapper.application; includeInIndex = 0; path = testMovika.app; sourceTree = BUILT_PRODUCTS_DIR; };
		3904CA102813FBEA00D8B52B /* AppDelegate.swift */ = {isa = PBXFileReference; lastKnownFileType = sourcecode.swift; path = AppDelegate.swift; sourceTree = "<group>"; };
		3904CA122813FBEA00D8B52B /* SceneDelegate.swift */ = {isa = PBXFileReference; lastKnownFileType = sourcecode.swift; path = SceneDelegate.swift; sourceTree = "<group>"; };
		3904CA142813FBEA00D8B52B /* VideoButtonVC.swift */ = {isa = PBXFileReference; lastKnownFileType = sourcecode.swift; path = VideoButtonVC.swift; sourceTree = "<group>"; };
		3904CA172813FBEA00D8B52B /* Base */ = {isa = PBXFileReference; lastKnownFileType = file.storyboard; name = Base; path = Base.lproj/Main.storyboard; sourceTree = "<group>"; };
		3904CA192813FBEA00D8B52B /* Assets.xcassets */ = {isa = PBXFileReference; lastKnownFileType = folder.assetcatalog; path = Assets.xcassets; sourceTree = "<group>"; };
		3904CA1C2813FBEA00D8B52B /* Base */ = {isa = PBXFileReference; lastKnownFileType = file.storyboard; name = Base; path = Base.lproj/LaunchScreen.storyboard; sourceTree = "<group>"; };
		3904CA1E2813FBEA00D8B52B /* Info.plist */ = {isa = PBXFileReference; lastKnownFileType = text.plist.xml; path = Info.plist; sourceTree = "<group>"; };
		3904CA2428141B4C00D8B52B /* VideoButtonPresenter.swift */ = {isa = PBXFileReference; lastKnownFileType = sourcecode.swift; path = VideoButtonPresenter.swift; sourceTree = "<group>"; };
		3904CA2F28141D7200D8B52B /* VideoGetter.swift */ = {isa = PBXFileReference; lastKnownFileType = sourcecode.swift; path = VideoGetter.swift; sourceTree = "<group>"; };
		3928D3D3281582E100D951E1 /* TransformSVG.swift */ = {isa = PBXFileReference; lastKnownFileType = sourcecode.swift; path = TransformSVG.swift; sourceTree = "<group>"; };
		3928D3D52815874900D951E1 /* 1_1.svg */ = {isa = PBXFileReference; fileEncoding = 4; lastKnownFileType = text.xml; path = 1_1.svg; sourceTree = "<group>"; };
		3928D3D82815CFB600D951E1 /* CurveView.swift */ = {isa = PBXFileReference; lastKnownFileType = sourcecode.swift; path = CurveView.swift; sourceTree = "<group>"; };
		3928D3DA2815D5DA00D951E1 /* 1_11.svg */ = {isa = PBXFileReference; fileEncoding = 4; lastKnownFileType = text.xml; path = 1_11.svg; sourceTree = "<group>"; };
		3928D3DB2815D5DA00D951E1 /* 1_9.svg */ = {isa = PBXFileReference; fileEncoding = 4; lastKnownFileType = text.xml; path = 1_9.svg; sourceTree = "<group>"; };
		3928D3DC2815D5DB00D951E1 /* 1_8.svg */ = {isa = PBXFileReference; fileEncoding = 4; lastKnownFileType = text.xml; path = 1_8.svg; sourceTree = "<group>"; };
		3928D3DD2815D5DB00D951E1 /* 1_14.svg */ = {isa = PBXFileReference; fileEncoding = 4; lastKnownFileType = text.xml; path = 1_14.svg; sourceTree = "<group>"; };
		3928D3DE2815D5DB00D951E1 /* 1_6.svg */ = {isa = PBXFileReference; fileEncoding = 4; lastKnownFileType = text.xml; path = 1_6.svg; sourceTree = "<group>"; };
		3928D3DF2815D5DB00D951E1 /* 1_3.svg */ = {isa = PBXFileReference; fileEncoding = 4; lastKnownFileType = text.xml; path = 1_3.svg; sourceTree = "<group>"; };
		3928D3E02815D5DB00D951E1 /* 1_12.svg */ = {isa = PBXFileReference; fileEncoding = 4; lastKnownFileType = text.xml; path = 1_12.svg; sourceTree = "<group>"; };
		3928D3E12815D5DB00D951E1 /* 1_5.svg */ = {isa = PBXFileReference; fileEncoding = 4; lastKnownFileType = text.xml; path = 1_5.svg; sourceTree = "<group>"; };
		3928D3E22815D5DB00D951E1 /* 1_7.svg */ = {isa = PBXFileReference; fileEncoding = 4; lastKnownFileType = text.xml; path = 1_7.svg; sourceTree = "<group>"; };
		3928D3E32815D5DB00D951E1 /* 1_10.svg */ = {isa = PBXFileReference; fileEncoding = 4; lastKnownFileType = text.xml; path = 1_10.svg; sourceTree = "<group>"; };
		3928D3E42815D5DB00D951E1 /* 1_4.svg */ = {isa = PBXFileReference; fileEncoding = 4; lastKnownFileType = text.xml; path = 1_4.svg; sourceTree = "<group>"; };
		3928D3E52815D5DB00D951E1 /* 1_2.svg */ = {isa = PBXFileReference; fileEncoding = 4; lastKnownFileType = text.xml; path = 1_2.svg; sourceTree = "<group>"; };
		3928D3E62815D5DB00D951E1 /* 1_13.svg */ = {isa = PBXFileReference; fileEncoding = 4; lastKnownFileType = text.xml; path = 1_13.svg; sourceTree = "<group>"; };
		3928D3F42815DA3F00D951E1 /* CurrentVideoNumber.swift */ = {isa = PBXFileReference; lastKnownFileType = sourcecode.swift; path = CurrentVideoNumber.swift; sourceTree = "<group>"; };
		39DF22082814C2B300BF7FD2 /* cat2.MP4 */ = {isa = PBXFileReference; lastKnownFileType = file; name = cat2.MP4; path = ../../../../../Documents/cat2.MP4; sourceTree = "<group>"; };
		39DF22092814C2B300BF7FD2 /* cat1.MP4 */ = {isa = PBXFileReference; lastKnownFileType = file; name = cat1.MP4; path = ../../../../../Documents/cat1.MP4; sourceTree = "<group>"; };
/* End PBXFileReference section */

/* Begin PBXFrameworksBuildPhase section */
		3904CA0A2813FBEA00D8B52B /* Frameworks */ = {
			isa = PBXFrameworksBuildPhase;
			buildActionMask = 2147483647;
			files = (
			);
			runOnlyForDeploymentPostprocessing = 0;
		};
/* End PBXFrameworksBuildPhase section */

/* Begin PBXGroup section */
		3904CA042813FBEA00D8B52B = {
			isa = PBXGroup;
			children = (
				3904CA0F2813FBEA00D8B52B /* testMovika */,
				3904CA0E2813FBEA00D8B52B /* Products */,
			);
			sourceTree = "<group>";
		};
		3904CA0E2813FBEA00D8B52B /* Products */ = {
			isa = PBXGroup;
			children = (
				3904CA0D2813FBEA00D8B52B /* testMovika.app */,
			);
			name = Products;
			sourceTree = "<group>";
		};
		3904CA0F2813FBEA00D8B52B /* testMovika */ = {
			isa = PBXGroup;
			children = (
				3904CA102813FBEA00D8B52B /* AppDelegate.swift */,
				3928D3D3281582E100D951E1 /* TransformSVG.swift */,
				3904CA2F28141D7200D8B52B /* VideoGetter.swift */,
				3928D3D82815CFB600D951E1 /* CurveView.swift */,
				3928D3F42815DA3F00D951E1 /* CurrentVideoNumber.swift */,
				3904CA3128141D7E00D8B52B /* VideoTable */,
				3904CA122813FBEA00D8B52B /* SceneDelegate.swift */,
				3904CA162813FBEA00D8B52B /* Main.storyboard */,
				3928D3D72815874E00D951E1 /* Curves */,
				3904CA2828141D1E00D8B52B /* Videos */,
				3904CA192813FBEA00D8B52B /* Assets.xcassets */,
				3904CA1B2813FBEA00D8B52B /* LaunchScreen.storyboard */,
				3904CA1E2813FBEA00D8B52B /* Info.plist */,
			);
			path = testMovika;
			sourceTree = "<group>";
		};
		3904CA2828141D1E00D8B52B /* Videos */ = {
			isa = PBXGroup;
			children = (
				39DF22092814C2B300BF7FD2 /* cat1.MP4 */,
				39DF22082814C2B300BF7FD2 /* cat2.MP4 */,
			);
			path = Videos;
			sourceTree = "<group>";
		};
		3904CA3128141D7E00D8B52B /* VideoTable */ = {
			isa = PBXGroup;
			children = (
				3904CA2428141B4C00D8B52B /* VideoButtonPresenter.swift */,
				3904CA142813FBEA00D8B52B /* VideoButtonVC.swift */,
			);
			path = VideoTable;
			sourceTree = "<group>";
		};
		3928D3D72815874E00D951E1 /* Curves */ = {
			isa = PBXGroup;
			children = (
				3928D3D52815874900D951E1 /* 1_1.svg */,
				3928D3E52815D5DB00D951E1 /* 1_2.svg */,
				3928D3DF2815D5DB00D951E1 /* 1_3.svg */,
				3928D3E42815D5DB00D951E1 /* 1_4.svg */,
				3928D3E12815D5DB00D951E1 /* 1_5.svg */,
				3928D3DE2815D5DB00D951E1 /* 1_6.svg */,
				3928D3E22815D5DB00D951E1 /* 1_7.svg */,
				3928D3DC2815D5DB00D951E1 /* 1_8.svg */,
				3928D3DB2815D5DA00D951E1 /* 1_9.svg */,
				3928D3E32815D5DB00D951E1 /* 1_10.svg */,
				3928D3DA2815D5DA00D951E1 /* 1_11.svg */,
				3928D3E02815D5DB00D951E1 /* 1_12.svg */,
				3928D3E62815D5DB00D951E1 /* 1_13.svg */,
				3928D3DD2815D5DB00D951E1 /* 1_14.svg */,
			);
			path = Curves;
			sourceTree = "<group>";
		};
/* End PBXGroup section */

/* Begin PBXNativeTarget section */
		3904CA0C2813FBEA00D8B52B /* testMovika */ = {
			isa = PBXNativeTarget;
			buildConfigurationList = 3904CA212813FBEA00D8B52B /* Build configuration list for PBXNativeTarget "testMovika" */;
			buildPhases = (
				3904CA092813FBEA00D8B52B /* Sources */,
				3904CA0A2813FBEA00D8B52B /* Frameworks */,
				3904CA0B2813FBEA00D8B52B /* Resources */,
			);
			buildRules = (
			);
			dependencies = (
			);
			name = testMovika;
			productName = testMovika;
			productReference = 3904CA0D2813FBEA00D8B52B /* testMovika.app */;
			productType = "com.apple.product-type.application";
		};
/* End PBXNativeTarget section */

/* Begin PBXProject section */
		3904CA052813FBEA00D8B52B /* Project object */ = {
			isa = PBXProject;
			attributes = {
				BuildIndependentTargetsInParallel = 1;
				LastSwiftUpdateCheck = 1320;
				LastUpgradeCheck = 1320;
				TargetAttributes = {
					3904CA0C2813FBEA00D8B52B = {
						CreatedOnToolsVersion = 13.2;
					};
				};
			};
			buildConfigurationList = 3904CA082813FBEA00D8B52B /* Build configuration list for PBXProject "testMovika" */;
			compatibilityVersion = "Xcode 13.0";
			developmentRegion = en;
			hasScannedForEncodings = 0;
			knownRegions = (
				en,
				Base,
			);
			mainGroup = 3904CA042813FBEA00D8B52B;
			productRefGroup = 3904CA0E2813FBEA00D8B52B /* Products */;
			projectDirPath = "";
			projectRoot = "";
			targets = (
				3904CA0C2813FBEA00D8B52B /* testMovika */,
			);
		};
/* End PBXProject section */

/* Begin PBXResourcesBuildPhase section */
		3904CA0B2813FBEA00D8B52B /* Resources */ = {
			isa = PBXResourcesBuildPhase;
			buildActionMask = 2147483647;
			files = (
				3928D3EE2815D5DB00D951E1 /* 1_5.svg in Resources */,
				3928D3EC2815D5DB00D951E1 /* 1_3.svg in Resources */,
				3928D3D62815874900D951E1 /* 1_1.svg in Resources */,
				3928D3F22815D5DB00D951E1 /* 1_2.svg in Resources */,
				3928D3EB2815D5DB00D951E1 /* 1_6.svg in Resources */,
				3904CA1D2813FBEA00D8B52B /* LaunchScreen.storyboard in Resources */,
				39DF220A2814C2B300BF7FD2 /* cat2.MP4 in Resources */,
				3928D3EA2815D5DB00D951E1 /* 1_14.svg in Resources */,
				3928D3F02815D5DB00D951E1 /* 1_10.svg in Resources */,
				3928D3E92815D5DB00D951E1 /* 1_8.svg in Resources */,
				3928D3F32815D5DB00D951E1 /* 1_13.svg in Resources */,
				3928D3E72815D5DB00D951E1 /* 1_11.svg in Resources */,
				3904CA1A2813FBEA00D8B52B /* Assets.xcassets in Resources */,
				3928D3ED2815D5DB00D951E1 /* 1_12.svg in Resources */,
				3904CA182813FBEA00D8B52B /* Main.storyboard in Resources */,
				3928D3EF2815D5DB00D951E1 /* 1_7.svg in Resources */,
				3928D3E82815D5DB00D951E1 /* 1_9.svg in Resources */,
				39DF220B2814C2B300BF7FD2 /* cat1.MP4 in Resources */,
				3928D3F12815D5DB00D951E1 /* 1_4.svg in Resources */,
			);
			runOnlyForDeploymentPostprocessing = 0;
		};
/* End PBXResourcesBuildPhase section */

/* Begin PBXSourcesBuildPhase section */
		3904CA092813FBEA00D8B52B /* Sources */ = {
			isa = PBXSourcesBuildPhase;
			buildActionMask = 2147483647;
			files = (
				3904CA2528141B4C00D8B52B /* VideoButtonPresenter.swift in Sources */,
				3904CA152813FBEA00D8B52B /* VideoButtonVC.swift in Sources */,
				3904CA112813FBEA00D8B52B /* AppDelegate.swift in Sources */,
				3928D3D92815CFB600D951E1 /* CurveView.swift in Sources */,
				3928D3D4281582E100D951E1 /* TransformSVG.swift in Sources */,
				3904CA132813FBEA00D8B52B /* SceneDelegate.swift in Sources */,
				3928D3F52815DA3F00D951E1 /* CurrentVideoNumber.swift in Sources */,
				3904CA3028141D7200D8B52B /* VideoGetter.swift in Sources */,
			);
			runOnlyForDeploymentPostprocessing = 0;
		};
/* End PBXSourcesBuildPhase section */

/* Begin PBXVariantGroup section */
		3904CA162813FBEA00D8B52B /* Main.storyboard */ = {
			isa = PBXVariantGroup;
			children = (
				3904CA172813FBEA00D8B52B /* Base */,
			);
			name = Main.storyboard;
			sourceTree = "<group>";
		};
		3904CA1B2813FBEA00D8B52B /* LaunchScreen.storyboard */ = {
			isa = PBXVariantGroup;
			children = (
				3904CA1C2813FBEA00D8B52B /* Base */,
			);
			name = LaunchScreen.storyboard;
			sourceTree = "<group>";
		};
/* End PBXVariantGroup section */

/* Begin XCBuildConfiguration section */
		3904CA1F2813FBEA00D8B52B /* Debug */ = {
			isa = XCBuildConfiguration;
			buildSettings = {
				ALWAYS_SEARCH_USER_PATHS = NO;
				CLANG_ANALYZER_NONNULL = YES;
				CLANG_ANALYZER_NUMBER_OBJECT_CONVERSION = YES_AGGRESSIVE;
				CLANG_CXX_LANGUAGE_STANDARD = "gnu++17";
				CLANG_CXX_LIBRARY = "libc++";
				CLANG_ENABLE_MODULES = YES;
				CLANG_ENABLE_OBJC_ARC = YES;
				CLANG_ENABLE_OBJC_WEAK = YES;
				CLANG_WARN_BLOCK_CAPTURE_AUTORELEASING = YES;
				CLANG_WARN_BOOL_CONVERSION = YES;
				CLANG_WARN_COMMA = YES;
				CLANG_WARN_CONSTANT_CONVERSION = YES;
				CLANG_WARN_DEPRECATED_OBJC_IMPLEMENTATIONS = YES;
				CLANG_WARN_DIRECT_OBJC_ISA_USAGE = YES_ERROR;
				CLANG_WARN_DOCUMENTATION_COMMENTS = YES;
				CLANG_WARN_EMPTY_BODY = YES;
				CLANG_WARN_ENUM_CONVERSION = YES;
				CLANG_WARN_INFINITE_RECURSION = YES;
				CLANG_WARN_INT_CONVERSION = YES;
				CLANG_WARN_NON_LITERAL_NULL_CONVERSION = YES;
				CLANG_WARN_OBJC_IMPLICIT_RETAIN_SELF = YES;
				CLANG_WARN_OBJC_LITERAL_CONVERSION = YES;
				CLANG_WARN_OBJC_ROOT_CLASS = YES_ERROR;
				CLANG_WARN_QUOTED_INCLUDE_IN_FRAMEWORK_HEADER = YES;
				CLANG_WARN_RANGE_LOOP_ANALYSIS = YES;
				CLANG_WARN_STRICT_PROTOTYPES = YES;
				CLANG_WARN_SUSPICIOUS_MOVE = YES;
				CLANG_WARN_UNGUARDED_AVAILABILITY = YES_AGGRESSIVE;
				CLANG_WARN_UNREACHABLE_CODE = YES;
				CLANG_WARN__DUPLICATE_METHOD_MATCH = YES;
				COPY_PHASE_STRIP = NO;
				DEBUG_INFORMATION_FORMAT = dwarf;
				ENABLE_STRICT_OBJC_MSGSEND = YES;
				ENABLE_TESTABILITY = YES;
				GCC_C_LANGUAGE_STANDARD = gnu11;
				GCC_DYNAMIC_NO_PIC = NO;
				GCC_NO_COMMON_BLOCKS = YES;
				GCC_OPTIMIZATION_LEVEL = 0;
				GCC_PREPROCESSOR_DEFINITIONS = (
					"DEBUG=1",
					"$(inherited)",
				);
				GCC_WARN_64_TO_32_BIT_CONVERSION = YES;
				GCC_WARN_ABOUT_RETURN_TYPE = YES_ERROR;
				GCC_WARN_UNDECLARED_SELECTOR = YES;
				GCC_WARN_UNINITIALIZED_AUTOS = YES_AGGRESSIVE;
				GCC_WARN_UNUSED_FUNCTION = YES;
				GCC_WARN_UNUSED_VARIABLE = YES;
				IPHONEOS_DEPLOYMENT_TARGET = 15.2;
				MTL_ENABLE_DEBUG_INFO = INCLUDE_SOURCE;
				MTL_FAST_MATH = YES;
				ONLY_ACTIVE_ARCH = YES;
				SDKROOT = iphoneos;
				SWIFT_ACTIVE_COMPILATION_CONDITIONS = DEBUG;
				SWIFT_OPTIMIZATION_LEVEL = "-Onone";
			};
			name = Debug;
		};
		3904CA202813FBEA00D8B52B /* Release */ = {
			isa = XCBuildConfiguration;
			buildSettings = {
				ALWAYS_SEARCH_USER_PATHS = NO;
				CLANG_ANALYZER_NONNULL = YES;
				CLANG_ANALYZER_NUMBER_OBJECT_CONVERSION = YES_AGGRESSIVE;
				CLANG_CXX_LANGUAGE_STANDARD = "gnu++17";
				CLANG_CXX_LIBRARY = "libc++";
				CLANG_ENABLE_MODULES = YES;
				CLANG_ENABLE_OBJC_ARC = YES;
				CLANG_ENABLE_OBJC_WEAK = YES;
				CLANG_WARN_BLOCK_CAPTURE_AUTORELEASING = YES;
				CLANG_WARN_BOOL_CONVERSION = YES;
				CLANG_WARN_COMMA = YES;
				CLANG_WARN_CONSTANT_CONVERSION = YES;
				CLANG_WARN_DEPRECATED_OBJC_IMPLEMENTATIONS = YES;
				CLANG_WARN_DIRECT_OBJC_ISA_USAGE = YES_ERROR;
				CLANG_WARN_DOCUMENTATION_COMMENTS = YES;
				CLANG_WARN_EMPTY_BODY = YES;
				CLANG_WARN_ENUM_CONVERSION = YES;
				CLANG_WARN_INFINITE_RECURSION = YES;
				CLANG_WARN_INT_CONVERSION = YES;
				CLANG_WARN_NON_LITERAL_NULL_CONVERSION = YES;
				CLANG_WARN_OBJC_IMPLICIT_RETAIN_SELF = YES;
				CLANG_WARN_OBJC_LITERAL_CONVERSION = YES;
				CLANG_WARN_OBJC_ROOT_CLASS = YES_ERROR;
				CLANG_WARN_QUOTED_INCLUDE_IN_FRAMEWORK_HEADER = YES;
				CLANG_WARN_RANGE_LOOP_ANALYSIS = YES;
				CLANG_WARN_STRICT_PROTOTYPES = YES;
				CLANG_WARN_SUSPICIOUS_MOVE = YES;
				CLANG_WARN_UNGUARDED_AVAILABILITY = YES_AGGRESSIVE;
				CLANG_WARN_UNREACHABLE_CODE = YES;
				CLANG_WARN__DUPLICATE_METHOD_MATCH = YES;
				COPY_PHASE_STRIP = NO;
				DEBUG_INFORMATION_FORMAT = "dwarf-with-dsym";
				ENABLE_NS_ASSERTIONS = NO;
				ENABLE_STRICT_OBJC_MSGSEND = YES;
				GCC_C_LANGUAGE_STANDARD = gnu11;
				GCC_NO_COMMON_BLOCKS = YES;
				GCC_WARN_64_TO_32_BIT_CONVERSION = YES;
				GCC_WARN_ABOUT_RETURN_TYPE = YES_ERROR;
				GCC_WARN_UNDECLARED_SELECTOR = YES;
				GCC_WARN_UNINITIALIZED_AUTOS = YES_AGGRESSIVE;
				GCC_WARN_UNUSED_FUNCTION = YES;
				GCC_WARN_UNUSED_VARIABLE = YES;
				IPHONEOS_DEPLOYMENT_TARGET = 15.2;
				MTL_ENABLE_DEBUG_INFO = NO;
				MTL_FAST_MATH = YES;
				SDKROOT = iphoneos;
				SWIFT_COMPILATION_MODE = wholemodule;
				SWIFT_OPTIMIZATION_LEVEL = "-O";
				VALIDATE_PRODUCT = YES;
			};
			name = Release;
		};
		3904CA222813FBEA00D8B52B /* Debug */ = {
			isa = XCBuildConfiguration;
			buildSettings = {
				ASSETCATALOG_COMPILER_APPICON_NAME = AppIcon;
				ASSETCATALOG_COMPILER_GLOBAL_ACCENT_COLOR_NAME = AccentColor;
				CODE_SIGN_STYLE = Automatic;
				CURRENT_PROJECT_VERSION = 1;
				DEVELOPMENT_TEAM = KZ6U2U6SB3;
				GENERATE_INFOPLIST_FILE = YES;
				INFOPLIST_FILE = testMovika/Info.plist;
				INFOPLIST_KEY_UIApplicationSupportsIndirectInputEvents = YES;
				INFOPLIST_KEY_UILaunchStoryboardName = LaunchScreen;
				INFOPLIST_KEY_UIMainStoryboardFile = Main;
				INFOPLIST_KEY_UISupportedInterfaceOrientations_iPad = "UIInterfaceOrientationPortrait UIInterfaceOrientationPortraitUpsideDown UIInterfaceOrientationLandscapeLeft UIInterfaceOrientationLandscapeRight";
				INFOPLIST_KEY_UISupportedInterfaceOrientations_iPhone = "UIInterfaceOrientationPortrait UIInterfaceOrientationLandscapeLeft UIInterfaceOrientationLandscapeRight";
				LD_RUNPATH_SEARCH_PATHS = (
					"$(inherited)",
					"@executable_path/Frameworks",
				);
				MARKETING_VERSION = 1.0;
				PRODUCT_BUNDLE_IDENTIFIER = com.T1mur.testMovika;
				PRODUCT_NAME = "$(TARGET_NAME)";
				SWIFT_EMIT_LOC_STRINGS = YES;
				SWIFT_VERSION = 5.0;
				TARGETED_DEVICE_FAMILY = "1,2";
			};
			name = Debug;
		};
		3904CA232813FBEA00D8B52B /* Release */ = {
			isa = XCBuildConfiguration;
			buildSettings = {
				ASSETCATALOG_COMPILER_APPICON_NAME = AppIcon;
				ASSETCATALOG_COMPILER_GLOBAL_ACCENT_COLOR_NAME = AccentColor;
				CODE_SIGN_STYLE = Automatic;
				CURRENT_PROJECT_VERSION = 1;
				DEVELOPMENT_TEAM = KZ6U2U6SB3;
				GENERATE_INFOPLIST_FILE = YES;
				INFOPLIST_FILE = testMovika/Info.plist;
				INFOPLIST_KEY_UIApplicationSupportsIndirectInputEvents = YES;
				INFOPLIST_KEY_UILaunchStoryboardName = LaunchScreen;
				INFOPLIST_KEY_UIMainStoryboardFile = Main;
				INFOPLIST_KEY_UISupportedInterfaceOrientations_iPad = "UIInterfaceOrientationPortrait UIInterfaceOrientationPortraitUpsideDown UIInterfaceOrientationLandscapeLeft UIInterfaceOrientationLandscapeRight";
				INFOPLIST_KEY_UISupportedInterfaceOrientations_iPhone = "UIInterfaceOrientationPortrait UIInterfaceOrientationLandscapeLeft UIInterfaceOrientationLandscapeRight";
				LD_RUNPATH_SEARCH_PATHS = (
					"$(inherited)",
					"@executable_path/Frameworks",
				);
				MARKETING_VERSION = 1.0;
				PRODUCT_BUNDLE_IDENTIFIER = com.T1mur.testMovika;
				PRODUCT_NAME = "$(TARGET_NAME)";
				SWIFT_EMIT_LOC_STRINGS = YES;
				SWIFT_VERSION = 5.0;
				TARGETED_DEVICE_FAMILY = "1,2";
			};
			name = Release;
		};
/* End XCBuildConfiguration section */

/* Begin XCConfigurationList section */
		3904CA082813FBEA00D8B52B /* Build configuration list for PBXProject "testMovika" */ = {
			isa = XCConfigurationList;
			buildConfigurations = (
				3904CA1F2813FBEA00D8B52B /* Debug */,
				3904CA202813FBEA00D8B52B /* Release */,
			);
			defaultConfigurationIsVisible = 0;
			defaultConfigurationName = Release;
		};
		3904CA212813FBEA00D8B52B /* Build configuration list for PBXNativeTarget "testMovika" */ = {
			isa = XCConfigurationList;
			buildConfigurations = (
				3904CA222813FBEA00D8B52B /* Debug */,
				3904CA232813FBEA00D8B52B /* Release */,
			);
			defaultConfigurationIsVisible = 0;
			defaultConfigurationName = Release;
		};
/* End XCConfigurationList section */
	};
	rootObject = 3904CA052813FBEA00D8B52B /* Project object */;
}
